
Microsoft Visual Studio Solution File, Format Version 12.00
# Visual Studio 15
VisualStudioVersion = 15.0.28307.1231
MinimumVisualStudioVersion = 10.0.40219.1
Project("{FAE04EC0-301F-11D3-BF4B-00C04F79EFBC}") = "vistas", "vistas\vistas.csproj", "{43F71982-AD96-4CDC-B4D5-5EE12BFC9DF1}"
EndProject
Project("{FAE04EC0-301F-11D3-BF4B-00C04F79EFBC}") = "clases bases", "clases bases\clases bases.csproj", "{7AF9AEEC-BDAA-441E-9D84-BFA193E2973B}"
EndProject
Global
	GlobalSection(SolutionConfigurationPlatforms) = preSolution
		Debug|Any CPU = Debug|Any CPU
		Release|Any CPU = Release|Any CPU
	EndGlobalSection
	GlobalSection(ProjectConfigurationPlatforms) = postSolution
		{43F71982-AD96-4CDC-B4D5-5EE12BFC9DF1}.Debug|Any CPU.ActiveCfg = Debug|Any CPU
		{43F71982-AD96-4CDC-B4D5-5EE12BFC9DF1}.Debug|Any CPU.Build.0 = Debug|Any CPU
		{43F71982-AD96-4CDC-B4D5-5EE12BFC9DF1}.Release|Any CPU.ActiveCfg = Release|Any CPU
		{43F71982-AD96-4CDC-B4D5-5EE12BFC9DF1}.Release|Any CPU.Build.0 = Release|Any CPU
		{7AF9AEEC-BDAA-441E-9D84-BFA193E2973B}.Debug|Any CPU.ActiveCfg = Debug|Any CPU
		{7AF9AEEC-BDAA-441E-9D84-BFA193E2973B}.Debug|Any CPU.Build.0 = Debug|Any CPU
		{7AF9AEEC-BDAA-441E-9D84-BFA193E2973B}.Release|Any CPU.ActiveCfg = Release|Any CPU
		{7AF9AEEC-BDAA-441E-9D84-BFA193E2973B}.Release|Any CPU.Build.0 = Release|Any CPU
	EndGlobalSection
	GlobalSection(SolutionProperties) = preSolution
		HideSolutionNode = FALSE
	EndGlobalSection
	GlobalSection(ExtensibilityGlobals) = postSolution
		SolutionGuid = {C0338DFC-3510-4AD9-A980-732BA358C9B8}
	EndGlobalSection
EndGlobal
